
Microsoft Visual Studio Solution File, Format Version 12.00
# Visual Studio Version 17
VisualStudioVersion = 17.9.34723.18
MinimumVisualStudioVersion = 10.0.40219.1
Project("{FAE04EC0-301F-11D3-BF4B-00C04F79EFBC}") = "SistemaGestaoHospital", "SistemaGestaoHospital.csproj", "{46531FF8-9ADE-4CCF-9907-B2650BB974AE}"
EndProject
Global
	GlobalSection(SolutionConfigurationPlatforms) = preSolution
		Debug|Any CPU = Debug|Any CPU
		Release|Any CPU = Release|Any CPU
	EndGlobalSection
	GlobalSection(ProjectConfigurationPlatforms) = postSolution
		{46531FF8-9ADE-4CCF-9907-B2650BB974AE}.Debug|Any CPU.ActiveCfg = Debug|Any CPU
		{46531FF8-9ADE-4CCF-9907-B2650BB974AE}.Debug|Any CPU.Build.0 = Debug|Any CPU
		{46531FF8-9ADE-4CCF-9907-B2650BB974AE}.Release|Any CPU.ActiveCfg = Release|Any CPU
		{46531FF8-9ADE-4CCF-9907-B2650BB974AE}.Release|Any CPU.Build.0 = Release|Any CPU
	EndGlobalSection
	GlobalSection(SolutionProperties) = preSolution
		HideSolutionNode = FALSE
	EndGlobalSection
	GlobalSection(ExtensibilityGlobals) = postSolution
		SolutionGuid = {8FA240AB-AAE3-4EBB-B9E6-66BFE0CC8F84}
	EndGlobalSection
EndGlobal
